
Microsoft Visual Studio Solution File, Format Version 12.00
# Visual Studio Version 17
VisualStudioVersion = 17.3.32819.101
MinimumVisualStudioVersion = 10.0.40219.1
Project("{FAE04EC0-301F-11D3-BF4B-00C04F79EFBC}") = "WeatherMelon", "WeatherMelon\WeatherMelon.csproj", "{8CEE5479-BC0D-4DB5-9388-52297226369E}"
EndProject
Global
	GlobalSection(SolutionConfigurationPlatforms) = preSolution
		Debug|Any CPU = Debug|Any CPU
		Release|Any CPU = Release|Any CPU
	EndGlobalSection
	GlobalSection(ProjectConfigurationPlatforms) = postSolution
		{8CEE5479-BC0D-4DB5-9388-52297226369E}.Debug|Any CPU.ActiveCfg = Debug|Any CPU
		{8CEE5479-BC0D-4DB5-9388-52297226369E}.Debug|Any CPU.Build.0 = Debug|Any CPU
		{8CEE5479-BC0D-4DB5-9388-52297226369E}.Release|Any CPU.ActiveCfg = Release|Any CPU
		{8CEE5479-BC0D-4DB5-9388-52297226369E}.Release|Any CPU.Build.0 = Release|Any CPU
	EndGlobalSection
	GlobalSection(SolutionProperties) = preSolution
		HideSolutionNode = FALSE
	EndGlobalSection
	GlobalSection(ExtensibilityGlobals) = postSolution
		SolutionGuid = {5FEA4469-9159-43D2-B6D7-F53D8E9FF899}
	EndGlobalSection
EndGlobal
